{
  "object": {
    "pins": [
      {
        "package": "Alamofire",
        "repositoryURL": "https://github.com/Alamofire/Alamofire",
        "state": {
          "branch": null,
          "revision": "f82c23a8a7ef8dc1a49a8bfc6a96883e79121864",
          "version": "5.5.0"
        }
      },
      {
        "package": "Down",
        "repositoryURL": "https://github.com/johnxnguyen/Down",
        "state": {
          "branch": "master",
          "revision": "e754ab1c80920dd51a8e08290c912ac1c2ac8b58",
          "version": null
        }
      },
      {
        "package": "Kingfisher",
        "repositoryURL": "https://github.com/onevcat/Kingfisher",
        "state": {
          "branch": "master",
          "revision": "c21f9abbfa29dd3e1456387503d722ca5d11a71e",
          "version": null
        }
      },
      {
        "package": "OctoKit",
        "repositoryURL": "https://github.com/nerdishbynature/octokit.swift",
        "state": {
          "branch": null,
          "revision": "9521cdff919053868ab13cd08a228f7bc1bde2a9",
          "version": "0.11.0"
        }
      },
      {
        "package": "RequestKit",
        "repositoryURL": "https://github.com/nerdishbynature/RequestKit.git",
        "state": {
          "branch": null,
          "revision": "fd5e9e99aada7432170366c9e95967011ce13bad",
          "version": "2.4.0"
        }
      },
      {
        "package": "SwiftMessages",
        "repositoryURL": "https://github.com/SwiftKickMobile/SwiftMessages",
        "state": {
          "branch": null,
          "revision": "b29dd21090b708aa0ae9ecbaf6e2d0487028dc3f",
          "version": "9.0.6"
        }
      },
      {
        "package": "Introspect",
        "repositoryURL": "https://github.com/siteline/SwiftUI-Introspect",
        "state": {
          "branch": null,
          "revision": "f2616860a41f9d9932da412a8978fec79c06fe24",
          "version": "0.1.4"
        }
      },
      {
        "package": "NavigationStack",
        "repositoryURL": "https://github.com/matteopuc/swiftui-navigation-stack",
        "state": {
          "branch": "develop",
          "revision": "d9019a71a244edc15ff4ad8826daa5e78579b6bf",
          "version": null
        }
      }
    ]
  },
  "version": 1
}
